
Microsoft Visual Studio Solution File, Format Version 12.00
# Visual Studio Version 16
VisualStudioVersion = 16.0.30104.148
MinimumVisualStudioVersion = 10.0.40219.1
Project("{FAE04EC0-301F-11D3-BF4B-00C04F79EFBC}") = "GeodataLoaderPL", "..\..\..\Szuflada\GeodataLoaderPL\GeodataLoaderPL\GeodataLoaderPL.csproj", "{9C5DBAFC-EFFF-4720-82CA-7E14F49CA782}"
EndProject
Project("{FAE04EC0-301F-11D3-BF4B-00C04F79EFBC}") = "ASCIIParserPL", "..\..\..\Szuflada\GeodataLoaderPL\ASCIIParserPL\ASCIIParserPL.csproj", "{29D690F1-5C6A-421E-BAFE-E142824C01A2}"
EndProject
Project("{FAE04EC0-301F-11D3-BF4B-00C04F79EFBC}") = "GMLParserPL", "..\..\..\Szuflada\GeodataLoaderPL\GMLParserPL\GMLParserPL.csproj", "{72AA675F-92C0-44A5-BED6-15DF0CF390A0}"
EndProject
Global
	GlobalSection(SolutionConfigurationPlatforms) = preSolution
		Debug|Any CPU = Debug|Any CPU
		Release|Any CPU = Release|Any CPU
	EndGlobalSection
	GlobalSection(ProjectConfigurationPlatforms) = postSolution
		{9C5DBAFC-EFFF-4720-82CA-7E14F49CA782}.Debug|Any CPU.ActiveCfg = Debug|Any CPU
		{9C5DBAFC-EFFF-4720-82CA-7E14F49CA782}.Debug|Any CPU.Build.0 = Debug|Any CPU
		{9C5DBAFC-EFFF-4720-82CA-7E14F49CA782}.Release|Any CPU.ActiveCfg = Release|Any CPU
		{9C5DBAFC-EFFF-4720-82CA-7E14F49CA782}.Release|Any CPU.Build.0 = Release|Any CPU
		{29D690F1-5C6A-421E-BAFE-E142824C01A2}.Debug|Any CPU.ActiveCfg = Debug|Any CPU
		{29D690F1-5C6A-421E-BAFE-E142824C01A2}.Debug|Any CPU.Build.0 = Debug|Any CPU
		{29D690F1-5C6A-421E-BAFE-E142824C01A2}.Release|Any CPU.ActiveCfg = Release|Any CPU
		{29D690F1-5C6A-421E-BAFE-E142824C01A2}.Release|Any CPU.Build.0 = Release|Any CPU
		{72AA675F-92C0-44A5-BED6-15DF0CF390A0}.Debug|Any CPU.ActiveCfg = Debug|Any CPU
		{72AA675F-92C0-44A5-BED6-15DF0CF390A0}.Debug|Any CPU.Build.0 = Debug|Any CPU
		{72AA675F-92C0-44A5-BED6-15DF0CF390A0}.Release|Any CPU.ActiveCfg = Release|Any CPU
		{72AA675F-92C0-44A5-BED6-15DF0CF390A0}.Release|Any CPU.Build.0 = Release|Any CPU
	EndGlobalSection
	GlobalSection(SolutionProperties) = preSolution
		HideSolutionNode = FALSE
	EndGlobalSection
	GlobalSection(ExtensibilityGlobals) = postSolution
		SolutionGuid = {10BC5F37-3C0A-4308-9E4E-17A7DE7129A4}
	EndGlobalSection
EndGlobal
